// !$*UTF8*$!
{
	archiveVersion = 1;
	classes = {
	};
	objectVersion = 46;
	objects = {

/* Begin PBXBuildFile section */
		D3482CBB1B79AB2A007C50EF /* main.m in Sources */ = {isa = PBXBuildFile; fileRef = D3482CBA1B79AB2A007C50EF /* main.m */; };
		D3482CBE1B79AB2A007C50EF /* AppDelegate.m in Sources */ = {isa = PBXBuildFile; fileRef = D3482CBD1B79AB2A007C50EF /* AppDelegate.m */; };
		D3482CC11B79AB2A007C50EF /* ViewController.m in Sources */ = {isa = PBXBuildFile; fileRef = D3482CC01B79AB2A007C50EF /* ViewController.m */; };
		D3482CC41B79AB2A007C50EF /* Main.storyboard in Resources */ = {isa = PBXBuildFile; fileRef = D3482CC21B79AB2A007C50EF /* Main.storyboard */; };
		D3482CC61B79AB2A007C50EF /* Images.xcassets in Resources */ = {isa = PBXBuildFile; fileRef = D3482CC51B79AB2A007C50EF /* Images.xcassets */; };
		D3482CC91B79AB2A007C50EF /* LaunchScreen.xib in Resources */ = {isa = PBXBuildFile; fileRef = D3482CC71B79AB2A007C50EF /* LaunchScreen.xib */; };
		D3482CD51B79AB2A007C50EF /* rTabTests.m in Sources */ = {isa = PBXBuildFile; fileRef = D3482CD41B79AB2A007C50EF /* rTabTests.m */; };
		D3BA39681B7E6AD00027A6BA /* PersonTableViewCell.m in Sources */ = {isa = PBXBuildFile; fileRef = D3BA39671B7E6AD00027A6BA /* PersonTableViewCell.m */; };
		D3BA396B1B7E6ADC0027A6BA /* ExpenseTableViewCell.m in Sources */ = {isa = PBXBuildFile; fileRef = D3BA396A1B7E6ADC0027A6BA /* ExpenseTableViewCell.m */; };
		D3BA396E1B7E6C340027A6BA /* DefaultsHelper.m in Sources */ = {isa = PBXBuildFile; fileRef = D3BA396D1B7E6C340027A6BA /* DefaultsHelper.m */; };
		D3BA39701B7E753F0027A6BA /* AddressBook.framework in Frameworks */ = {isa = PBXBuildFile; fileRef = D3BA396F1B7E753F0027A6BA /* AddressBook.framework */; };
		D3BA39721B7E75460027A6BA /* AddressBookUI.framework in Frameworks */ = {isa = PBXBuildFile; fileRef = D3BA39711B7E75460027A6BA /* AddressBookUI.framework */; };
		D3BA39751B80F1800027A6BA /* TSCurrencyTextField.m in Sources */ = {isa = PBXBuildFile; fileRef = D3BA39741B80F1800027A6BA /* TSCurrencyTextField.m */; };
		D3BA39781B80F5100027A6BA /* ExpenseViewController.m in Sources */ = {isa = PBXBuildFile; fileRef = D3BA39771B80F5100027A6BA /* ExpenseViewController.m */; };
		D3BA39861B81962E0027A6BA /* MessageUI.framework in Frameworks */ = {isa = PBXBuildFile; fileRef = D3BA39851B81962E0027A6BA /* MessageUI.framework */; };
		D3BA39881B81A12B0027A6BA /* orange.png in Resources */ = {isa = PBXBuildFile; fileRef = D3BA39871B81A12B0027A6BA /* orange.png */; };
		D3D7B8631B7E647F0038E956 /* Person.m in Sources */ = {isa = PBXBuildFile; fileRef = D3D7B8621B7E647F0038E956 /* Person.m */; };
		D3D7B8661B7E64A70038E956 /* Debt.m in Sources */ = {isa = PBXBuildFile; fileRef = D3D7B8651B7E64A70038E956 /* Debt.m */; };
		D3D7B8691B7E64B00038E956 /* Expense.m in Sources */ = {isa = PBXBuildFile; fileRef = D3D7B8681B7E64B00038E956 /* Expense.m */; };
/* End PBXBuildFile section */

/* Begin PBXContainerItemProxy section */
		D3482CCF1B79AB2A007C50EF /* PBXContainerItemProxy */ = {
			isa = PBXContainerItemProxy;
			containerPortal = D3482CAD1B79AB2A007C50EF /* Project object */;
			proxyType = 1;
			remoteGlobalIDString = D3482CB41B79AB2A007C50EF;
			remoteInfo = rTab;
		};
/* End PBXContainerItemProxy section */

/* Begin PBXFileReference section */
		D3482CB51B79AB2A007C50EF /* rTab.app */ = {isa = PBXFileReference; explicitFileType = wrapper.application; includeInIndex = 0; path = rTab.app; sourceTree = BUILT_PRODUCTS_DIR; };
		D3482CB91B79AB2A007C50EF /* Info.plist */ = {isa = PBXFileReference; lastKnownFileType = text.plist.xml; path = Info.plist; sourceTree = "<group>"; };
		D3482CBA1B79AB2A007C50EF /* main.m */ = {isa = PBXFileReference; lastKnownFileType = sourcecode.c.objc; path = main.m; sourceTree = "<group>"; };
		D3482CBC1B79AB2A007C50EF /* AppDelegate.h */ = {isa = PBXFileReference; lastKnownFileType = sourcecode.c.h; path = AppDelegate.h; sourceTree = "<group>"; };
		D3482CBD1B79AB2A007C50EF /* AppDelegate.m */ = {isa = PBXFileReference; lastKnownFileType = sourcecode.c.objc; path = AppDelegate.m; sourceTree = "<group>"; };
		D3482CBF1B79AB2A007C50EF /* ViewController.h */ = {isa = PBXFileReference; lastKnownFileType = sourcecode.c.h; path = ViewController.h; sourceTree = "<group>"; };
		D3482CC01B79AB2A007C50EF /* ViewController.m */ = {isa = PBXFileReference; lastKnownFileType = sourcecode.c.objc; path = ViewController.m; sourceTree = "<group>"; };
		D3482CC31B79AB2A007C50EF /* Base */ = {isa = PBXFileReference; lastKnownFileType = file.storyboard; name = Base; path = Base.lproj/Main.storyboard; sourceTree = "<group>"; };
		D3482CC51B79AB2A007C50EF /* Images.xcassets */ = {isa = PBXFileReference; lastKnownFileType = folder.assetcatalog; path = Images.xcassets; sourceTree = "<group>"; };
		D3482CC81B79AB2A007C50EF /* Base */ = {isa = PBXFileReference; lastKnownFileType = file.xib; name = Base; path = Base.lproj/LaunchScreen.xib; sourceTree = "<group>"; };
		D3482CCE1B79AB2A007C50EF /* rTabTests.xctest */ = {isa = PBXFileReference; explicitFileType = wrapper.cfbundle; includeInIndex = 0; path = rTabTests.xctest; sourceTree = BUILT_PRODUCTS_DIR; };
		D3482CD31B79AB2A007C50EF /* Info.plist */ = {isa = PBXFileReference; lastKnownFileType = text.plist.xml; path = Info.plist; sourceTree = "<group>"; };
		D3482CD41B79AB2A007C50EF /* rTabTests.m */ = {isa = PBXFileReference; lastKnownFileType = sourcecode.c.objc; path = rTabTests.m; sourceTree = "<group>"; };
		D3BA39661B7E6AD00027A6BA /* PersonTableViewCell.h */ = {isa = PBXFileReference; fileEncoding = 4; lastKnownFileType = sourcecode.c.h; path = PersonTableViewCell.h; sourceTree = "<group>"; };
		D3BA39671B7E6AD00027A6BA /* PersonTableViewCell.m */ = {isa = PBXFileReference; fileEncoding = 4; lastKnownFileType = sourcecode.c.objc; path = PersonTableViewCell.m; sourceTree = "<group>"; };
		D3BA39691B7E6ADC0027A6BA /* ExpenseTableViewCell.h */ = {isa = PBXFileReference; fileEncoding = 4; lastKnownFileType = sourcecode.c.h; path = ExpenseTableViewCell.h; sourceTree = "<group>"; };
		D3BA396A1B7E6ADC0027A6BA /* ExpenseTableViewCell.m */ = {isa = PBXFileReference; fileEncoding = 4; lastKnownFileType = sourcecode.c.objc; path = ExpenseTableViewCell.m; sourceTree = "<group>"; };
		D3BA396C1B7E6C340027A6BA /* DefaultsHelper.h */ = {isa = PBXFileReference; fileEncoding = 4; lastKnownFileType = sourcecode.c.h; path = DefaultsHelper.h; sourceTree = "<group>"; };
		D3BA396D1B7E6C340027A6BA /* DefaultsHelper.m */ = {isa = PBXFileReference; fileEncoding = 4; lastKnownFileType = sourcecode.c.objc; path = DefaultsHelper.m; sourceTree = "<group>"; };
		D3BA396F1B7E753F0027A6BA /* AddressBook.framework */ = {isa = PBXFileReference; lastKnownFileType = wrapper.framework; name = AddressBook.framework; path = System/Library/Frameworks/AddressBook.framework; sourceTree = SDKROOT; };
		D3BA39711B7E75460027A6BA /* AddressBookUI.framework */ = {isa = PBXFileReference; lastKnownFileType = wrapper.framework; name = AddressBookUI.framework; path = System/Library/Frameworks/AddressBookUI.framework; sourceTree = SDKROOT; };
		D3BA39731B80F1800027A6BA /* TSCurrencyTextField.h */ = {isa = PBXFileReference; fileEncoding = 4; lastKnownFileType = sourcecode.c.h; path = TSCurrencyTextField.h; sourceTree = "<group>"; };
		D3BA39741B80F1800027A6BA /* TSCurrencyTextField.m */ = {isa = PBXFileReference; fileEncoding = 4; lastKnownFileType = sourcecode.c.objc; path = TSCurrencyTextField.m; sourceTree = "<group>"; };
		D3BA39761B80F5100027A6BA /* ExpenseViewController.h */ = {isa = PBXFileReference; fileEncoding = 4; lastKnownFileType = sourcecode.c.h; path = ExpenseViewController.h; sourceTree = "<group>"; };
		D3BA39771B80F5100027A6BA /* ExpenseViewController.m */ = {isa = PBXFileReference; fileEncoding = 4; lastKnownFileType = sourcecode.c.objc; path = ExpenseViewController.m; sourceTree = "<group>"; };
		D3BA39851B81962E0027A6BA /* MessageUI.framework */ = {isa = PBXFileReference; lastKnownFileType = wrapper.framework; name = MessageUI.framework; path = System/Library/Frameworks/MessageUI.framework; sourceTree = SDKROOT; };
		D3BA39871B81A12B0027A6BA /* orange.png */ = {isa = PBXFileReference; lastKnownFileType = image.png; path = orange.png; sourceTree = "<group>"; };
		D3D7B8611B7E647F0038E956 /* Person.h */ = {isa = PBXFileReference; fileEncoding = 4; lastKnownFileType = sourcecode.c.h; path = Person.h; sourceTree = "<group>"; };
		D3D7B8621B7E647F0038E956 /* Person.m */ = {isa = PBXFileReference; fileEncoding = 4; lastKnownFileType = sourcecode.c.objc; path = Person.m; sourceTree = "<group>"; };
		D3D7B8641B7E64A70038E956 /* Debt.h */ = {isa = PBXFileReference; fileEncoding = 4; lastKnownFileType = sourcecode.c.h; path = Debt.h; sourceTree = "<group>"; };
		D3D7B8651B7E64A70038E956 /* Debt.m */ = {isa = PBXFileReference; fileEncoding = 4; lastKnownFileType = sourcecode.c.objc; path = Debt.m; sourceTree = "<group>"; };
		D3D7B8671B7E64B00038E956 /* Expense.h */ = {isa = PBXFileReference; fileEncoding = 4; lastKnownFileType = sourcecode.c.h; path = Expense.h; sourceTree = "<group>"; };
		D3D7B8681B7E64B00038E956 /* Expense.m */ = {isa = PBXFileReference; fileEncoding = 4; lastKnownFileType = sourcecode.c.objc; path = Expense.m; sourceTree = "<group>"; };
/* End PBXFileReference section */

/* Begin PBXFrameworksBuildPhase section */
		D3482CB21B79AB2A007C50EF /* Frameworks */ = {
			isa = PBXFrameworksBuildPhase;
			buildActionMask = 2147483647;
			files = (
				D3BA39861B81962E0027A6BA /* MessageUI.framework in Frameworks */,
				D3BA39721B7E75460027A6BA /* AddressBookUI.framework in Frameworks */,
				D3BA39701B7E753F0027A6BA /* AddressBook.framework in Frameworks */,
			);
			runOnlyForDeploymentPostprocessing = 0;
		};
		D3482CCB1B79AB2A007C50EF /* Frameworks */ = {
			isa = PBXFrameworksBuildPhase;
			buildActionMask = 2147483647;
			files = (
			);
			runOnlyForDeploymentPostprocessing = 0;
		};
/* End PBXFrameworksBuildPhase section */

/* Begin PBXGroup section */
		D3482CAC1B79AB2A007C50EF = {
			isa = PBXGroup;
			children = (
				D3BA39851B81962E0027A6BA /* MessageUI.framework */,
				D3BA39711B7E75460027A6BA /* AddressBookUI.framework */,
				D3BA396F1B7E753F0027A6BA /* AddressBook.framework */,
				D3482CB71B79AB2A007C50EF /* rTab */,
				D3482CD11B79AB2A007C50EF /* rTabTests */,
				D3482CB61B79AB2A007C50EF /* Products */,
			);
			sourceTree = "<group>";
		};
		D3482CB61B79AB2A007C50EF /* Products */ = {
			isa = PBXGroup;
			children = (
				D3482CB51B79AB2A007C50EF /* rTab.app */,
				D3482CCE1B79AB2A007C50EF /* rTabTests.xctest */,
			);
			name = Products;
			sourceTree = "<group>";
		};
		D3482CB71B79AB2A007C50EF /* rTab */ = {
			isa = PBXGroup;
			children = (
				D3482CBC1B79AB2A007C50EF /* AppDelegate.h */,
				D3482CBD1B79AB2A007C50EF /* AppDelegate.m */,
				D3482CBF1B79AB2A007C50EF /* ViewController.h */,
				D3482CC01B79AB2A007C50EF /* ViewController.m */,
				D3D7B8611B7E647F0038E956 /* Person.h */,
				D3D7B8621B7E647F0038E956 /* Person.m */,
				D3D7B8641B7E64A70038E956 /* Debt.h */,
				D3D7B8651B7E64A70038E956 /* Debt.m */,
				D3D7B8671B7E64B00038E956 /* Expense.h */,
				D3D7B8681B7E64B00038E956 /* Expense.m */,
				D3BA396C1B7E6C340027A6BA /* DefaultsHelper.h */,
				D3BA396D1B7E6C340027A6BA /* DefaultsHelper.m */,
				D3482CC21B79AB2A007C50EF /* Main.storyboard */,
				D3BA39871B81A12B0027A6BA /* orange.png */,
				D3BA39761B80F5100027A6BA /* ExpenseViewController.h */,
				D3BA39771B80F5100027A6BA /* ExpenseViewController.m */,
				D3BA39661B7E6AD00027A6BA /* PersonTableViewCell.h */,
				D3BA39671B7E6AD00027A6BA /* PersonTableViewCell.m */,
				D3BA39691B7E6ADC0027A6BA /* ExpenseTableViewCell.h */,
				D3BA396A1B7E6ADC0027A6BA /* ExpenseTableViewCell.m */,
				D3BA39731B80F1800027A6BA /* TSCurrencyTextField.h */,
				D3BA39741B80F1800027A6BA /* TSCurrencyTextField.m */,
				D3482CC51B79AB2A007C50EF /* Images.xcassets */,
				D3482CC71B79AB2A007C50EF /* LaunchScreen.xib */,
				D3482CB81B79AB2A007C50EF /* Supporting Files */,
			);
			path = rTab;
			sourceTree = "<group>";
		};
		D3482CB81B79AB2A007C50EF /* Supporting Files */ = {
			isa = PBXGroup;
			children = (
				D3482CB91B79AB2A007C50EF /* Info.plist */,
				D3482CBA1B79AB2A007C50EF /* main.m */,
			);
			name = "Supporting Files";
			sourceTree = "<group>";
		};
		D3482CD11B79AB2A007C50EF /* rTabTests */ = {
			isa = PBXGroup;
			children = (
				D3482CD41B79AB2A007C50EF /* rTabTests.m */,
				D3482CD21B79AB2A007C50EF /* Supporting Files */,
			);
			path = rTabTests;
			sourceTree = "<group>";
		};
		D3482CD21B79AB2A007C50EF /* Supporting Files */ = {
			isa = PBXGroup;
			children = (
				D3482CD31B79AB2A007C50EF /* Info.plist */,
			);
			name = "Supporting Files";
			sourceTree = "<group>";
		};
/* End PBXGroup section */

/* Begin PBXNativeTarget section */
		D3482CB41B79AB2A007C50EF /* rTab */ = {
			isa = PBXNativeTarget;
			buildConfigurationList = D3482CD81B79AB2A007C50EF /* Build configuration list for PBXNativeTarget "rTab" */;
			buildPhases = (
				D3482CB11B79AB2A007C50EF /* Sources */,
				D3482CB21B79AB2A007C50EF /* Frameworks */,
				D3482CB31B79AB2A007C50EF /* Resources */,
			);
			buildRules = (
			);
			dependencies = (
			);
			name = rTab;
			productName = rTab;
			productReference = D3482CB51B79AB2A007C50EF /* rTab.app */;
			productType = "com.apple.product-type.application";
		};
		D3482CCD1B79AB2A007C50EF /* rTabTests */ = {
			isa = PBXNativeTarget;
			buildConfigurationList = D3482CDB1B79AB2A007C50EF /* Build configuration list for PBXNativeTarget "rTabTests" */;
			buildPhases = (
				D3482CCA1B79AB2A007C50EF /* Sources */,
				D3482CCB1B79AB2A007C50EF /* Frameworks */,
				D3482CCC1B79AB2A007C50EF /* Resources */,
			);
			buildRules = (
			);
			dependencies = (
				D3482CD01B79AB2A007C50EF /* PBXTargetDependency */,
			);
			name = rTabTests;
			productName = rTabTests;
			productReference = D3482CCE1B79AB2A007C50EF /* rTabTests.xctest */;
			productType = "com.apple.product-type.bundle.unit-test";
		};
/* End PBXNativeTarget section */

/* Begin PBXProject section */
		D3482CAD1B79AB2A007C50EF /* Project object */ = {
			isa = PBXProject;
			attributes = {
				LastUpgradeCheck = 0640;
				ORGANIZATIONNAME = "Napkn Apps";
				TargetAttributes = {
					D3482CB41B79AB2A007C50EF = {
						CreatedOnToolsVersion = 6.4;
						DevelopmentTeam = SWECN289V2;
					};
					D3482CCD1B79AB2A007C50EF = {
						CreatedOnToolsVersion = 6.4;
						TestTargetID = D3482CB41B79AB2A007C50EF;
					};
				};
			};
			buildConfigurationList = D3482CB01B79AB2A007C50EF /* Build configuration list for PBXProject "rTab" */;
			compatibilityVersion = "Xcode 3.2";
			developmentRegion = English;
			hasScannedForEncodings = 0;
			knownRegions = (
				en,
				Base,
			);
			mainGroup = D3482CAC1B79AB2A007C50EF;
			productRefGroup = D3482CB61B79AB2A007C50EF /* Products */;
			projectDirPath = "";
			projectRoot = "";
			targets = (
				D3482CB41B79AB2A007C50EF /* rTab */,
				D3482CCD1B79AB2A007C50EF /* rTabTests */,
			);
		};
/* End PBXProject section */

/* Begin PBXResourcesBuildPhase section */
		D3482CB31B79AB2A007C50EF /* Resources */ = {
			isa = PBXResourcesBuildPhase;
			buildActionMask = 2147483647;
			files = (
				D3482CC41B79AB2A007C50EF /* Main.storyboard in Resources */,
				D3BA39881B81A12B0027A6BA /* orange.png in Resources */,
				D3482CC91B79AB2A007C50EF /* LaunchScreen.xib in Resources */,
				D3482CC61B79AB2A007C50EF /* Images.xcassets in Resources */,
			);
			runOnlyForDeploymentPostprocessing = 0;
		};
		D3482CCC1B79AB2A007C50EF /* Resources */ = {
			isa = PBXResourcesBuildPhase;
			buildActionMask = 2147483647;
			files = (
			);
			runOnlyForDeploymentPostprocessing = 0;
		};
/* End PBXResourcesBuildPhase section */

/* Begin PBXSourcesBuildPhase section */
		D3482CB11B79AB2A007C50EF /* Sources */ = {
			isa = PBXSourcesBuildPhase;
			buildActionMask = 2147483647;
			files = (
				D3D7B8661B7E64A70038E956 /* Debt.m in Sources */,
				D3482CC11B79AB2A007C50EF /* ViewController.m in Sources */,
				D3BA39781B80F5100027A6BA /* ExpenseViewController.m in Sources */,
				D3D7B8691B7E64B00038E956 /* Expense.m in Sources */,
				D3BA39751B80F1800027A6BA /* TSCurrencyTextField.m in Sources */,
				D3BA39681B7E6AD00027A6BA /* PersonTableViewCell.m in Sources */,
				D3BA396B1B7E6ADC0027A6BA /* ExpenseTableViewCell.m in Sources */,
				D3BA396E1B7E6C340027A6BA /* DefaultsHelper.m in Sources */,
				D3482CBE1B79AB2A007C50EF /* AppDelegate.m in Sources */,
				D3D7B8631B7E647F0038E956 /* Person.m in Sources */,
				D3482CBB1B79AB2A007C50EF /* main.m in Sources */,
			);
			runOnlyForDeploymentPostprocessing = 0;
		};
		D3482CCA1B79AB2A007C50EF /* Sources */ = {
			isa = PBXSourcesBuildPhase;
			buildActionMask = 2147483647;
			files = (
				D3482CD51B79AB2A007C50EF /* rTabTests.m in Sources */,
			);
			runOnlyForDeploymentPostprocessing = 0;
		};
/* End PBXSourcesBuildPhase section */

/* Begin PBXTargetDependency section */
		D3482CD01B79AB2A007C50EF /* PBXTargetDependency */ = {
			isa = PBXTargetDependency;
			target = D3482CB41B79AB2A007C50EF /* rTab */;
			targetProxy = D3482CCF1B79AB2A007C50EF /* PBXContainerItemProxy */;
		};
/* End PBXTargetDependency section */

/* Begin PBXVariantGroup section */
		D3482CC21B79AB2A007C50EF /* Main.storyboard */ = {
			isa = PBXVariantGroup;
			children = (
				D3482CC31B79AB2A007C50EF /* Base */,
			);
			name = Main.storyboard;
			sourceTree = "<group>";
		};
		D3482CC71B79AB2A007C50EF /* LaunchScreen.xib */ = {
			isa = PBXVariantGroup;
			children = (
				D3482CC81B79AB2A007C50EF /* Base */,
			);
			name = LaunchScreen.xib;
			sourceTree = "<group>";
		};
/* End PBXVariantGroup section */

/* Begin XCBuildConfiguration section */
		D3482CD61B79AB2A007C50EF /* Debug */ = {
			isa = XCBuildConfiguration;
			buildSettings = {
				ALWAYS_SEARCH_USER_PATHS = NO;
				CLANG_CXX_LANGUAGE_STANDARD = "gnu++0x";
				CLANG_CXX_LIBRARY = "libc++";
				CLANG_ENABLE_MODULES = YES;
				CLANG_ENABLE_OBJC_ARC = YES;
				CLANG_WARN_BOOL_CONVERSION = YES;
				CLANG_WARN_CONSTANT_CONVERSION = YES;
				CLANG_WARN_DIRECT_OBJC_ISA_USAGE = YES_ERROR;
				CLANG_WARN_EMPTY_BODY = YES;
				CLANG_WARN_ENUM_CONVERSION = YES;
				CLANG_WARN_INT_CONVERSION = YES;
				CLANG_WARN_OBJC_ROOT_CLASS = YES_ERROR;
				CLANG_WARN_UNREACHABLE_CODE = YES;
				CLANG_WARN__DUPLICATE_METHOD_MATCH = YES;
				"CODE_SIGN_IDENTITY[sdk=iphoneos*]" = "iPhone Developer";
				COPY_PHASE_STRIP = NO;
				DEBUG_INFORMATION_FORMAT = "dwarf-with-dsym";
				ENABLE_STRICT_OBJC_MSGSEND = YES;
				GCC_C_LANGUAGE_STANDARD = gnu99;
				GCC_DYNAMIC_NO_PIC = NO;
				GCC_NO_COMMON_BLOCKS = YES;
				GCC_OPTIMIZATION_LEVEL = 0;
				GCC_PREPROCESSOR_DEFINITIONS = (
					"DEBUG=1",
					"$(inherited)",
				);
				GCC_SYMBOLS_PRIVATE_EXTERN = NO;
				GCC_WARN_64_TO_32_BIT_CONVERSION = YES;
				GCC_WARN_ABOUT_RETURN_TYPE = YES_ERROR;
				GCC_WARN_UNDECLARED_SELECTOR = YES;
				GCC_WARN_UNINITIALIZED_AUTOS = YES_AGGRESSIVE;
				GCC_WARN_UNUSED_FUNCTION = YES;
				GCC_WARN_UNUSED_VARIABLE = YES;
				IPHONEOS_DEPLOYMENT_TARGET = 8.4;
				MTL_ENABLE_DEBUG_INFO = YES;
				ONLY_ACTIVE_ARCH = YES;
				SDKROOT = iphoneos;
			};
			name = Debug;
		};
		D3482CD71B79AB2A007C50EF /* Release */ = {
			isa = XCBuildConfiguration;
			buildSettings = {
				ALWAYS_SEARCH_USER_PATHS = NO;
				CLANG_CXX_LANGUAGE_STANDARD = "gnu++0x";
				CLANG_CXX_LIBRARY = "libc++";
				CLANG_ENABLE_MODULES = YES;
				CLANG_ENABLE_OBJC_ARC = YES;
				CLANG_WARN_BOOL_CONVERSION = YES;
				CLANG_WARN_CONSTANT_CONVERSION = YES;
				CLANG_WARN_DIRECT_OBJC_ISA_USAGE = YES_ERROR;
				CLANG_WARN_EMPTY_BODY = YES;
				CLANG_WARN_ENUM_CONVERSION = YES;
				CLANG_WARN_INT_CONVERSION = YES;
				CLANG_WARN_OBJC_ROOT_CLASS = YES_ERROR;
				CLANG_WARN_UNREACHABLE_CODE = YES;
				CLANG_WARN__DUPLICATE_METHOD_MATCH = YES;
				"CODE_SIGN_IDENTITY[sdk=iphoneos*]" = "iPhone Developer";
				COPY_PHASE_STRIP = NO;
				DEBUG_INFORMATION_FORMAT = "dwarf-with-dsym";
				ENABLE_NS_ASSERTIONS = NO;
				ENABLE_STRICT_OBJC_MSGSEND = YES;
				GCC_C_LANGUAGE_STANDARD = gnu99;
				GCC_NO_COMMON_BLOCKS = YES;
				GCC_WARN_64_TO_32_BIT_CONVERSION = YES;
				GCC_WARN_ABOUT_RETURN_TYPE = YES_ERROR;
				GCC_WARN_UNDECLARED_SELECTOR = YES;
				GCC_WARN_UNINITIALIZED_AUTOS = YES_AGGRESSIVE;
				GCC_WARN_UNUSED_FUNCTION = YES;
				GCC_WARN_UNUSED_VARIABLE = YES;
				IPHONEOS_DEPLOYMENT_TARGET = 8.4;
				MTL_ENABLE_DEBUG_INFO = NO;
				SDKROOT = iphoneos;
				VALIDATE_PRODUCT = YES;
			};
			name = Release;
		};
		D3482CD91B79AB2A007C50EF /* Debug */ = {
			isa = XCBuildConfiguration;
			buildSettings = {
				ASSETCATALOG_COMPILER_APPICON_NAME = AppIcon;
				CODE_SIGN_IDENTITY = "iPhone Distribution: Napkn, Ltd. Co. (SWECN289V2)";
				INFOPLIST_FILE = rTab/Info.plist;
				LD_RUNPATH_SEARCH_PATHS = "$(inherited) @executable_path/Frameworks";
				PRODUCT_NAME = "$(TARGET_NAME)";
				PROVISIONING_PROFILE = "31b5ffbe-db28-483b-97d7-8c29fd02535d";
			};
			name = Debug;
		};
		D3482CDA1B79AB2A007C50EF /* Release */ = {
			isa = XCBuildConfiguration;
			buildSettings = {
				ASSETCATALOG_COMPILER_APPICON_NAME = AppIcon;
				CODE_SIGN_IDENTITY = "iPhone Distribution: Napkn, Ltd. Co. (SWECN289V2)";
				INFOPLIST_FILE = rTab/Info.plist;
				LD_RUNPATH_SEARCH_PATHS = "$(inherited) @executable_path/Frameworks";
				PRODUCT_NAME = "$(TARGET_NAME)";
				PROVISIONING_PROFILE = "31b5ffbe-db28-483b-97d7-8c29fd02535d";
			};
			name = Release;
		};
		D3482CDC1B79AB2A007C50EF /* Debug */ = {
			isa = XCBuildConfiguration;
			buildSettings = {
				BUNDLE_LOADER = "$(TEST_HOST)";
				FRAMEWORK_SEARCH_PATHS = (
					"$(SDKROOT)/Developer/Library/Frameworks",
					"$(inherited)",
				);
				GCC_PREPROCESSOR_DEFINITIONS = (
					"DEBUG=1",
					"$(inherited)",
				);
				INFOPLIST_FILE = rTabTests/Info.plist;
				LD_RUNPATH_SEARCH_PATHS = "$(inherited) @executable_path/Frameworks @loader_path/Frameworks";
				PRODUCT_NAME = "$(TARGET_NAME)";
				TEST_HOST = "$(BUILT_PRODUCTS_DIR)/rTab.app/rTab";
			};
			name = Debug;
		};
		D3482CDD1B79AB2A007C50EF /* Release */ = {
			isa = XCBuildConfiguration;
			buildSettings = {
				BUNDLE_LOADER = "$(TEST_HOST)";
				FRAMEWORK_SEARCH_PATHS = (
					"$(SDKROOT)/Developer/Library/Frameworks",
					"$(inherited)",
				);
				INFOPLIST_FILE = rTabTests/Info.plist;
				LD_RUNPATH_SEARCH_PATHS = "$(inherited) @executable_path/Frameworks @loader_path/Frameworks";
				PRODUCT_NAME = "$(TARGET_NAME)";
				TEST_HOST = "$(BUILT_PRODUCTS_DIR)/rTab.app/rTab";
			};
			name = Release;
		};
/* End XCBuildConfiguration section */

/* Begin XCConfigurationList section */
		D3482CB01B79AB2A007C50EF /* Build configuration list for PBXProject "rTab" */ = {
			isa = XCConfigurationList;
			buildConfigurations = (
				D3482CD61B79AB2A007C50EF /* Debug */,
				D3482CD71B79AB2A007C50EF /* Release */,
			);
			defaultConfigurationIsVisible = 0;
			defaultConfigurationName = Release;
		};
		D3482CD81B79AB2A007C50EF /* Build configuration list for PBXNativeTarget "rTab" */ = {
			isa = XCConfigurationList;
			buildConfigurations = (
				D3482CD91B79AB2A007C50EF /* Debug */,
				D3482CDA1B79AB2A007C50EF /* Release */,
			);
			defaultConfigurationIsVisible = 0;
			defaultConfigurationName = Release;
		};
		D3482CDB1B79AB2A007C50EF /* Build configuration list for PBXNativeTarget "rTabTests" */ = {
			isa = XCConfigurationList;
			buildConfigurations = (
				D3482CDC1B79AB2A007C50EF /* Debug */,
				D3482CDD1B79AB2A007C50EF /* Release */,
			);
			defaultConfigurationIsVisible = 0;
			defaultConfigurationName = Release;
		};
/* End XCConfigurationList section */
	};
	rootObject = D3482CAD1B79AB2A007C50EF /* Project object */;
}
